
Microsoft Visual Studio Solution File, Format Version 12.00
# Visual Studio 15
VisualStudioVersion = 15.0.26124.0
MinimumVisualStudioVersion = 15.0.26124.0
Project("{FAE04EC0-301F-11D3-BF4B-00C04F79EFBC}") = "Pricing", "Pricing\Pricing.csproj", "{DB62A5F8-C162-4BD6-818C-52789CE4BAD9}"
EndProject
Project("{FAE04EC0-301F-11D3-BF4B-00C04F79EFBC}") = "Pricing.Tests", "Pricing.Tests\Pricing.Tests.csproj", "{C7EC5735-4346-426B-82A8-11A7A277F56F}"
EndProject
Global
	GlobalSection(SolutionConfigurationPlatforms) = preSolution
		Debug|Any CPU = Debug|Any CPU
		Debug|x64 = Debug|x64
		Debug|x86 = Debug|x86
		Release|Any CPU = Release|Any CPU
		Release|x64 = Release|x64
		Release|x86 = Release|x86
	EndGlobalSection
	GlobalSection(SolutionProperties) = preSolution
		HideSolutionNode = FALSE
	EndGlobalSection
	GlobalSection(ProjectConfigurationPlatforms) = postSolution
		{DB62A5F8-C162-4BD6-818C-52789CE4BAD9}.Debug|Any CPU.ActiveCfg = Debug|Any CPU
		{DB62A5F8-C162-4BD6-818C-52789CE4BAD9}.Debug|Any CPU.Build.0 = Debug|Any CPU
		{DB62A5F8-C162-4BD6-818C-52789CE4BAD9}.Debug|x64.ActiveCfg = Debug|Any CPU
		{DB62A5F8-C162-4BD6-818C-52789CE4BAD9}.Debug|x64.Build.0 = Debug|Any CPU
		{DB62A5F8-C162-4BD6-818C-52789CE4BAD9}.Debug|x86.ActiveCfg = Debug|Any CPU
		{DB62A5F8-C162-4BD6-818C-52789CE4BAD9}.Debug|x86.Build.0 = Debug|Any CPU
		{DB62A5F8-C162-4BD6-818C-52789CE4BAD9}.Release|Any CPU.ActiveCfg = Release|Any CPU
		{DB62A5F8-C162-4BD6-818C-52789CE4BAD9}.Release|Any CPU.Build.0 = Release|Any CPU
		{DB62A5F8-C162-4BD6-818C-52789CE4BAD9}.Release|x64.ActiveCfg = Release|Any CPU
		{DB62A5F8-C162-4BD6-818C-52789CE4BAD9}.Release|x64.Build.0 = Release|Any CPU
		{DB62A5F8-C162-4BD6-818C-52789CE4BAD9}.Release|x86.ActiveCfg = Release|Any CPU
		{DB62A5F8-C162-4BD6-818C-52789CE4BAD9}.Release|x86.Build.0 = Release|Any CPU
		{C7EC5735-4346-426B-82A8-11A7A277F56F}.Debug|Any CPU.ActiveCfg = Debug|Any CPU
		{C7EC5735-4346-426B-82A8-11A7A277F56F}.Debug|Any CPU.Build.0 = Debug|Any CPU
		{C7EC5735-4346-426B-82A8-11A7A277F56F}.Debug|x64.ActiveCfg = Debug|Any CPU
		{C7EC5735-4346-426B-82A8-11A7A277F56F}.Debug|x64.Build.0 = Debug|Any CPU
		{C7EC5735-4346-426B-82A8-11A7A277F56F}.Debug|x86.ActiveCfg = Debug|Any CPU
		{C7EC5735-4346-426B-82A8-11A7A277F56F}.Debug|x86.Build.0 = Debug|Any CPU
		{C7EC5735-4346-426B-82A8-11A7A277F56F}.Release|Any CPU.ActiveCfg = Release|Any CPU
		{C7EC5735-4346-426B-82A8-11A7A277F56F}.Release|Any CPU.Build.0 = Release|Any CPU
		{C7EC5735-4346-426B-82A8-11A7A277F56F}.Release|x64.ActiveCfg = Release|Any CPU
		{C7EC5735-4346-426B-82A8-11A7A277F56F}.Release|x64.Build.0 = Release|Any CPU
		{C7EC5735-4346-426B-82A8-11A7A277F56F}.Release|x86.ActiveCfg = Release|Any CPU
		{C7EC5735-4346-426B-82A8-11A7A277F56F}.Release|x86.Build.0 = Release|Any CPU
	EndGlobalSection
EndGlobal
